
Microsoft Visual Studio Solution File, Format Version 12.00
# Visual Studio Version 17
VisualStudioVersion = 17.8.34330.188
MinimumVisualStudioVersion = 10.0.40219.1
Project("{FAE04EC0-301F-11D3-BF4B-00C04F79EFBC}") = "Lab_Interfaces_And_AbstractClasses", "Lab_Interfaces_And_AbstractClasses\Lab_Interfaces_And_AbstractClasses.csproj", "{4D28E773-4926-4E09-9CA2-07C9CE277CC4}"
EndProject
Global
	GlobalSection(SolutionConfigurationPlatforms) = preSolution
		Debug|Any CPU = Debug|Any CPU
		Release|Any CPU = Release|Any CPU
	EndGlobalSection
	GlobalSection(ProjectConfigurationPlatforms) = postSolution
		{4D28E773-4926-4E09-9CA2-07C9CE277CC4}.Debug|Any CPU.ActiveCfg = Debug|Any CPU
		{4D28E773-4926-4E09-9CA2-07C9CE277CC4}.Debug|Any CPU.Build.0 = Debug|Any CPU
		{4D28E773-4926-4E09-9CA2-07C9CE277CC4}.Release|Any CPU.ActiveCfg = Release|Any CPU
		{4D28E773-4926-4E09-9CA2-07C9CE277CC4}.Release|Any CPU.Build.0 = Release|Any CPU
	EndGlobalSection
	GlobalSection(SolutionProperties) = preSolution
		HideSolutionNode = FALSE
	EndGlobalSection
	GlobalSection(ExtensibilityGlobals) = postSolution
		SolutionGuid = {81BF2CD9-4E68-408B-B44D-C38584A1EE2E}
	EndGlobalSection
EndGlobal
